
Microsoft Visual Studio Solution File, Format Version 12.00
# Visual Studio 14
VisualStudioVersion = 14.0.25123.0
MinimumVisualStudioVersion = 10.0.40219.1
Project("{FAE04EC0-301F-11D3-BF4B-00C04F79EFBC}") = "ECommExercise", "ECommExercise\ECommExercise.csproj", "{B27B6C5D-65BF-4FA4-9EBB-6E07F1D7E90E}"
EndProject
Project("{FAE04EC0-301F-11D3-BF4B-00C04F79EFBC}") = "LoggingPractice", "LoggingPractice\LoggingPractice.csproj", "{01ED3EEE-5956-4219-8FD8-2BBA2A684FD3}"
EndProject
Project("{FAE04EC0-301F-11D3-BF4B-00C04F79EFBC}") = "ReportingPractice", "ReportingPractice\ReportingPractice.csproj", "{E48E9A76-971F-4D99-8785-F800979A908C}"
EndProject
Project("{FAE04EC0-301F-11D3-BF4B-00C04F79EFBC}") = "ReportingPracticeMSTEST", "ReportingPractice MSTEST\ReportingPracticeMSTEST.csproj", "{EA94E6AD-1A81-424B-86C2-09B275A369F2}"
EndProject
Global
	GlobalSection(SolutionConfigurationPlatforms) = preSolution
		Debug|Any CPU = Debug|Any CPU
		Release|Any CPU = Release|Any CPU
	EndGlobalSection
	GlobalSection(ProjectConfigurationPlatforms) = postSolution
		{B27B6C5D-65BF-4FA4-9EBB-6E07F1D7E90E}.Debug|Any CPU.ActiveCfg = Debug|Any CPU
		{B27B6C5D-65BF-4FA4-9EBB-6E07F1D7E90E}.Debug|Any CPU.Build.0 = Debug|Any CPU
		{B27B6C5D-65BF-4FA4-9EBB-6E07F1D7E90E}.Release|Any CPU.ActiveCfg = Release|Any CPU
		{B27B6C5D-65BF-4FA4-9EBB-6E07F1D7E90E}.Release|Any CPU.Build.0 = Release|Any CPU
		{01ED3EEE-5956-4219-8FD8-2BBA2A684FD3}.Debug|Any CPU.ActiveCfg = Debug|Any CPU
		{01ED3EEE-5956-4219-8FD8-2BBA2A684FD3}.Debug|Any CPU.Build.0 = Debug|Any CPU
		{01ED3EEE-5956-4219-8FD8-2BBA2A684FD3}.Release|Any CPU.ActiveCfg = Release|Any CPU
		{01ED3EEE-5956-4219-8FD8-2BBA2A684FD3}.Release|Any CPU.Build.0 = Release|Any CPU
		{E48E9A76-971F-4D99-8785-F800979A908C}.Debug|Any CPU.ActiveCfg = Debug|Any CPU
		{E48E9A76-971F-4D99-8785-F800979A908C}.Debug|Any CPU.Build.0 = Debug|Any CPU
		{E48E9A76-971F-4D99-8785-F800979A908C}.Release|Any CPU.ActiveCfg = Release|Any CPU
		{E48E9A76-971F-4D99-8785-F800979A908C}.Release|Any CPU.Build.0 = Release|Any CPU
		{EA94E6AD-1A81-424B-86C2-09B275A369F2}.Debug|Any CPU.ActiveCfg = Debug|Any CPU
		{EA94E6AD-1A81-424B-86C2-09B275A369F2}.Debug|Any CPU.Build.0 = Debug|Any CPU
		{EA94E6AD-1A81-424B-86C2-09B275A369F2}.Release|Any CPU.ActiveCfg = Release|Any CPU
		{EA94E6AD-1A81-424B-86C2-09B275A369F2}.Release|Any CPU.Build.0 = Release|Any CPU
	EndGlobalSection
	GlobalSection(SolutionProperties) = preSolution
		HideSolutionNode = FALSE
	EndGlobalSection
EndGlobal
